{
    "version": 3,
    "terraform_version": "0.11.9",
    "serial": 2,
    "lineage": "5a8e3361-d333-6e8d-7aad-ae01ed8011d2",
    "modules": [
        {
            "path": [
                "root"
            ],
            "outputs": {},
            "resources": {
                "docker_container.nginx-server": {
                    "type": "docker_container",
                    "depends_on": [
                        "docker_image.nginx"
                    ],
                    "primary": {
                        "id": "d579c2ef1298e94916f5b11df41cfc239d8cc9cdb789d001fbcb356cb3955201",
                        "attributes": {
                            "bridge": "",
                            "gateway": "172.17.0.1",
                            "id": "d579c2ef1298e94916f5b11df41cfc239d8cc9cdb789d001fbcb356cb3955201",
                            "image": "sha256:bedece1f06cc142829698e6ba8f04d7f92e7f1b94b985e14b65f55e6ae4858c2",
                            "ip_address": "172.17.0.2",
                            "ip_prefix_length": "16",
                            "log_driver": "json-file",
                            "must_run": "true",
                            "name": "nginx-server",
                            "ports.#": "1",
                            "ports.0.external": "32768",
                            "ports.0.internal": "80",
                            "ports.0.ip": "0.0.0.0",
                            "ports.0.protocol": "tcp",
                            "restart": "no",
                            "volumes.#": "1",
                            "volumes.316681096.container_path": "/usr/share/nginx/html",
                            "volumes.316681096.from_container": "",
                            "volumes.316681096.host_path": "/home/scrapbook/tutorial/www",
                            "volumes.316681096.read_only": "true",
                            "volumes.316681096.volume_name": ""
                        },
                        "meta": {},
                        "tainted": false
                    },
                    "deposed": [],
                    "provider": "provider.docker"
                },
                "docker_image.nginx": {
                    "type": "docker_image",
                    "depends_on": [],
                    "primary": {
                        "id": "sha256:bedece1f06cc142829698e6ba8f04d7f92e7f1b94b985e14b65f55e6ae4858c2nginx:1.11-alpine",
                        "attributes": {
                            "id": "sha256:bedece1f06cc142829698e6ba8f04d7f92e7f1b94b985e14b65f55e6ae4858c2nginx:1.11-alpine",
                            "latest": "sha256:bedece1f06cc142829698e6ba8f04d7f92e7f1b94b985e14b65f55e6ae4858c2",
                            "name": "nginx:1.11-alpine"
                        },
                        "meta": {},
                        "tainted": false
                    },
                    "deposed": [],
                    "provider": "provider.docker"
                }
            },
            "depends_on": []
        }
    ]
}
